// !$*UTF8*$!
{
	archiveVersion = 1;
	classes = {
	};
	objectVersion = 46;
	objects = {

/* Begin PBXBuildFile section */
		D29CB99A1787E74C00C658A9 /* SWPMainViewController.m in Sources */ = {isa = PBXBuildFile; fileRef = D29CB9991787E74C00C658A9 /* SWPMainViewController.m */; };
		D2C5387517868D4F00F2C8BA /* Foundation.framework in Frameworks */ = {isa = PBXBuildFile; fileRef = D2C5387417868D4F00F2C8BA /* Foundation.framework */; };
		D2C5387717868D4F00F2C8BA /* CoreGraphics.framework in Frameworks */ = {isa = PBXBuildFile; fileRef = D2C5387617868D4F00F2C8BA /* CoreGraphics.framework */; };
		D2C5387917868D4F00F2C8BA /* UIKit.framework in Frameworks */ = {isa = PBXBuildFile; fileRef = D2C5387817868D4F00F2C8BA /* UIKit.framework */; };
		D2C5387F17868D4F00F2C8BA /* InfoPlist.strings in Resources */ = {isa = PBXBuildFile; fileRef = D2C5387D17868D4F00F2C8BA /* InfoPlist.strings */; };
		D2C5388117868D4F00F2C8BA /* main.m in Sources */ = {isa = PBXBuildFile; fileRef = D2C5388017868D4F00F2C8BA /* main.m */; };
		D2C5388517868D4F00F2C8BA /* SWPAppDelegate.m in Sources */ = {isa = PBXBuildFile; fileRef = D2C5388417868D4F00F2C8BA /* SWPAppDelegate.m */; };
		D2C5388817868D4F00F2C8BA /* Main_iPhone.storyboard in Resources */ = {isa = PBXBuildFile; fileRef = D2C5388617868D4F00F2C8BA /* Main_iPhone.storyboard */; };
		D2C5388B17868D4F00F2C8BA /* Main_iPad.storyboard in Resources */ = {isa = PBXBuildFile; fileRef = D2C5388917868D4F00F2C8BA /* Main_iPad.storyboard */; };
		D2C5389017868D4F00F2C8BA /* Images.xcassets in Resources */ = {isa = PBXBuildFile; fileRef = D2C5388F17868D4F00F2C8BA /* Images.xcassets */; };
		D2C5389717868D4F00F2C8BA /* XCTest.framework in Frameworks */ = {isa = PBXBuildFile; fileRef = D2C5389617868D4F00F2C8BA /* XCTest.framework */; };
		D2C5389817868D4F00F2C8BA /* Foundation.framework in Frameworks */ = {isa = PBXBuildFile; fileRef = D2C5387417868D4F00F2C8BA /* Foundation.framework */; };
		D2C5389917868D4F00F2C8BA /* UIKit.framework in Frameworks */ = {isa = PBXBuildFile; fileRef = D2C5387817868D4F00F2C8BA /* UIKit.framework */; };
		D2C538A117868D4F00F2C8BA /* InfoPlist.strings in Resources */ = {isa = PBXBuildFile; fileRef = D2C5389F17868D4F00F2C8BA /* InfoPlist.strings */; };
		D2C538A317868D4F00F2C8BA /* SwapTests.m in Sources */ = {isa = PBXBuildFile; fileRef = D2C538A217868D4F00F2C8BA /* SwapTests.m */; };
		D2C538AD17868D8300F2C8BA /* Parse.framework in Frameworks */ = {isa = PBXBuildFile; fileRef = D2C538AC17868D8300F2C8BA /* Parse.framework */; settings = {ATTRIBUTES = (Required, ); }; };
		D2C538AF17868FF700F2C8BA /* AdSupport.framework in Frameworks */ = {isa = PBXBuildFile; fileRef = D2C538AE17868FF700F2C8BA /* AdSupport.framework */; };
		D2C538B117868FFE00F2C8BA /* Social.framework in Frameworks */ = {isa = PBXBuildFile; fileRef = D2C538B017868FFE00F2C8BA /* Social.framework */; };
		D2C538B31786900900F2C8BA /* Accounts.framework in Frameworks */ = {isa = PBXBuildFile; fileRef = D2C538B21786900900F2C8BA /* Accounts.framework */; };
		D2C538B51786901000F2C8BA /* AudioToolbox.framework in Frameworks */ = {isa = PBXBuildFile; fileRef = D2C538B41786901000F2C8BA /* AudioToolbox.framework */; };
		D2C538B71786901600F2C8BA /* CFNetwork.framework in Frameworks */ = {isa = PBXBuildFile; fileRef = D2C538B61786901600F2C8BA /* CFNetwork.framework */; };
		D2C538B91786903300F2C8BA /* CoreLocation.framework in Frameworks */ = {isa = PBXBuildFile; fileRef = D2C538B81786903300F2C8BA /* CoreLocation.framework */; };
		D2C538BB1786904000F2C8BA /* libsqlite3.dylib in Frameworks */ = {isa = PBXBuildFile; fileRef = D2C538BA1786904000F2C8BA /* libsqlite3.dylib */; };
		D2C538BD1786904800F2C8BA /* libz.1.1.3.dylib in Frameworks */ = {isa = PBXBuildFile; fileRef = D2C538BC1786904800F2C8BA /* libz.1.1.3.dylib */; };
		D2C538BF1786904E00F2C8BA /* MobileCoreServices.framework in Frameworks */ = {isa = PBXBuildFile; fileRef = D2C538BE1786904E00F2C8BA /* MobileCoreServices.framework */; };
		D2C538C11786905300F2C8BA /* QuartzCore.framework in Frameworks */ = {isa = PBXBuildFile; fileRef = D2C538C01786905300F2C8BA /* QuartzCore.framework */; };
		D2C538C31786905A00F2C8BA /* Security.framework in Frameworks */ = {isa = PBXBuildFile; fileRef = D2C538C21786905A00F2C8BA /* Security.framework */; };
		D2C538C51786906000F2C8BA /* StoreKit.framework in Frameworks */ = {isa = PBXBuildFile; fileRef = D2C538C41786906000F2C8BA /* StoreKit.framework */; };
		D2C538C71786906C00F2C8BA /* SystemConfiguration.framework in Frameworks */ = {isa = PBXBuildFile; fileRef = D2C538C61786906C00F2C8BA /* SystemConfiguration.framework */; };
		D2C538CA178692BA00F2C8BA /* SWPLoginViewController.m in Sources */ = {isa = PBXBuildFile; fileRef = D2C538C9178692BA00F2C8BA /* SWPLoginViewController.m */; };
/* End PBXBuildFile section */

/* Begin PBXContainerItemProxy section */
		D2C5389A17868D4F00F2C8BA /* PBXContainerItemProxy */ = {
			isa = PBXContainerItemProxy;
			containerPortal = D2C5386917868D4F00F2C8BA /* Project object */;
			proxyType = 1;
			remoteGlobalIDString = D2C5387017868D4F00F2C8BA;
			remoteInfo = Swap;
		};
/* End PBXContainerItemProxy section */

/* Begin PBXFileReference section */
		D29CB9981787E74C00C658A9 /* SWPMainViewController.h */ = {isa = PBXFileReference; fileEncoding = 4; lastKnownFileType = sourcecode.c.h; path = SWPMainViewController.h; sourceTree = "<group>"; };
		D29CB9991787E74C00C658A9 /* SWPMainViewController.m */ = {isa = PBXFileReference; fileEncoding = 4; lastKnownFileType = sourcecode.c.objc; path = SWPMainViewController.m; sourceTree = "<group>"; };
		D2C5387117868D4F00F2C8BA /* Swap.app */ = {isa = PBXFileReference; explicitFileType = wrapper.application; includeInIndex = 0; path = Swap.app; sourceTree = BUILT_PRODUCTS_DIR; };
		D2C5387417868D4F00F2C8BA /* Foundation.framework */ = {isa = PBXFileReference; lastKnownFileType = wrapper.framework; name = Foundation.framework; path = System/Library/Frameworks/Foundation.framework; sourceTree = SDKROOT; };
		D2C5387617868D4F00F2C8BA /* CoreGraphics.framework */ = {isa = PBXFileReference; lastKnownFileType = wrapper.framework; name = CoreGraphics.framework; path = System/Library/Frameworks/CoreGraphics.framework; sourceTree = SDKROOT; };
		D2C5387817868D4F00F2C8BA /* UIKit.framework */ = {isa = PBXFileReference; lastKnownFileType = wrapper.framework; name = UIKit.framework; path = System/Library/Frameworks/UIKit.framework; sourceTree = SDKROOT; };
		D2C5387C17868D4F00F2C8BA /* Swap-Info.plist */ = {isa = PBXFileReference; lastKnownFileType = text.plist.xml; path = "Swap-Info.plist"; sourceTree = "<group>"; };
		D2C5387E17868D4F00F2C8BA /* en */ = {isa = PBXFileReference; lastKnownFileType = text.plist.strings; name = en; path = en.lproj/InfoPlist.strings; sourceTree = "<group>"; };
		D2C5388017868D4F00F2C8BA /* main.m */ = {isa = PBXFileReference; lastKnownFileType = sourcecode.c.objc; path = main.m; sourceTree = "<group>"; };
		D2C5388217868D4F00F2C8BA /* Swap-Prefix.pch */ = {isa = PBXFileReference; lastKnownFileType = sourcecode.c.h; path = "Swap-Prefix.pch"; sourceTree = "<group>"; };
		D2C5388317868D4F00F2C8BA /* SWPAppDelegate.h */ = {isa = PBXFileReference; lastKnownFileType = sourcecode.c.h; path = SWPAppDelegate.h; sourceTree = "<group>"; };
		D2C5388417868D4F00F2C8BA /* SWPAppDelegate.m */ = {isa = PBXFileReference; lastKnownFileType = sourcecode.c.objc; path = SWPAppDelegate.m; sourceTree = "<group>"; };
		D2C5388717868D4F00F2C8BA /* Base */ = {isa = PBXFileReference; lastKnownFileType = file.storyboard; name = Base; path = Base.lproj/Main_iPhone.storyboard; sourceTree = "<group>"; };
		D2C5388A17868D4F00F2C8BA /* Base */ = {isa = PBXFileReference; lastKnownFileType = file.storyboard; name = Base; path = Base.lproj/Main_iPad.storyboard; sourceTree = "<group>"; };
		D2C5388F17868D4F00F2C8BA /* Images.xcassets */ = {isa = PBXFileReference; lastKnownFileType = folder.assetcatalog; path = Images.xcassets; sourceTree = "<group>"; };
		D2C5389517868D4F00F2C8BA /* SwapTests.xctest */ = {isa = PBXFileReference; explicitFileType = wrapper.cfbundle; includeInIndex = 0; path = SwapTests.xctest; sourceTree = BUILT_PRODUCTS_DIR; };
		D2C5389617868D4F00F2C8BA /* XCTest.framework */ = {isa = PBXFileReference; lastKnownFileType = wrapper.framework; name = XCTest.framework; path = Library/Frameworks/XCTest.framework; sourceTree = DEVELOPER_DIR; };
		D2C5389E17868D4F00F2C8BA /* SwapTests-Info.plist */ = {isa = PBXFileReference; lastKnownFileType = text.plist.xml; path = "SwapTests-Info.plist"; sourceTree = "<group>"; };
		D2C538A017868D4F00F2C8BA /* en */ = {isa = PBXFileReference; lastKnownFileType = text.plist.strings; name = en; path = en.lproj/InfoPlist.strings; sourceTree = "<group>"; };
		D2C538A217868D4F00F2C8BA /* SwapTests.m */ = {isa = PBXFileReference; lastKnownFileType = sourcecode.c.objc; path = SwapTests.m; sourceTree = "<group>"; };
		D2C538AC17868D8300F2C8BA /* Parse.framework */ = {isa = PBXFileReference; lastKnownFileType = wrapper.framework; path = Parse.framework; sourceTree = "<group>"; };
		D2C538AE17868FF700F2C8BA /* AdSupport.framework */ = {isa = PBXFileReference; lastKnownFileType = wrapper.framework; name = AdSupport.framework; path = System/Library/Frameworks/AdSupport.framework; sourceTree = SDKROOT; };
		D2C538B017868FFE00F2C8BA /* Social.framework */ = {isa = PBXFileReference; lastKnownFileType = wrapper.framework; name = Social.framework; path = System/Library/Frameworks/Social.framework; sourceTree = SDKROOT; };
		D2C538B21786900900F2C8BA /* Accounts.framework */ = {isa = PBXFileReference; lastKnownFileType = wrapper.framework; name = Accounts.framework; path = System/Library/Frameworks/Accounts.framework; sourceTree = SDKROOT; };
		D2C538B41786901000F2C8BA /* AudioToolbox.framework */ = {isa = PBXFileReference; lastKnownFileType = wrapper.framework; name = AudioToolbox.framework; path = System/Library/Frameworks/AudioToolbox.framework; sourceTree = SDKROOT; };
		D2C538B61786901600F2C8BA /* CFNetwork.framework */ = {isa = PBXFileReference; lastKnownFileType = wrapper.framework; name = CFNetwork.framework; path = System/Library/Frameworks/CFNetwork.framework; sourceTree = SDKROOT; };
		D2C538B81786903300F2C8BA /* CoreLocation.framework */ = {isa = PBXFileReference; lastKnownFileType = wrapper.framework; name = CoreLocation.framework; path = System/Library/Frameworks/CoreLocation.framework; sourceTree = SDKROOT; };
		D2C538BA1786904000F2C8BA /* libsqlite3.dylib */ = {isa = PBXFileReference; lastKnownFileType = "compiled.mach-o.dylib"; name = libsqlite3.dylib; path = usr/lib/libsqlite3.dylib; sourceTree = SDKROOT; };
		D2C538BC1786904800F2C8BA /* libz.1.1.3.dylib */ = {isa = PBXFileReference; lastKnownFileType = "compiled.mach-o.dylib"; name = libz.1.1.3.dylib; path = usr/lib/libz.1.1.3.dylib; sourceTree = SDKROOT; };
		D2C538BE1786904E00F2C8BA /* MobileCoreServices.framework */ = {isa = PBXFileReference; lastKnownFileType = wrapper.framework; name = MobileCoreServices.framework; path = System/Library/Frameworks/MobileCoreServices.framework; sourceTree = SDKROOT; };
		D2C538C01786905300F2C8BA /* QuartzCore.framework */ = {isa = PBXFileReference; lastKnownFileType = wrapper.framework; name = QuartzCore.framework; path = System/Library/Frameworks/QuartzCore.framework; sourceTree = SDKROOT; };
		D2C538C21786905A00F2C8BA /* Security.framework */ = {isa = PBXFileReference; lastKnownFileType = wrapper.framework; name = Security.framework; path = System/Library/Frameworks/Security.framework; sourceTree = SDKROOT; };
		D2C538C41786906000F2C8BA /* StoreKit.framework */ = {isa = PBXFileReference; lastKnownFileType = wrapper.framework; name = StoreKit.framework; path = System/Library/Frameworks/StoreKit.framework; sourceTree = SDKROOT; };
		D2C538C61786906C00F2C8BA /* SystemConfiguration.framework */ = {isa = PBXFileReference; lastKnownFileType = wrapper.framework; name = SystemConfiguration.framework; path = System/Library/Frameworks/SystemConfiguration.framework; sourceTree = SDKROOT; };
		D2C538C8178692BA00F2C8BA /* SWPLoginViewController.h */ = {isa = PBXFileReference; fileEncoding = 4; lastKnownFileType = sourcecode.c.h; path = SWPLoginViewController.h; sourceTree = "<group>"; };
		D2C538C9178692BA00F2C8BA /* SWPLoginViewController.m */ = {isa = PBXFileReference; fileEncoding = 4; lastKnownFileType = sourcecode.c.objc; path = SWPLoginViewController.m; sourceTree = "<group>"; };
/* End PBXFileReference section */

/* Begin PBXFrameworksBuildPhase section */
		D2C5386E17868D4F00F2C8BA /* Frameworks */ = {
			isa = PBXFrameworksBuildPhase;
			buildActionMask = 2147483647;
			files = (
				D2C538C71786906C00F2C8BA /* SystemConfiguration.framework in Frameworks */,
				D2C538C51786906000F2C8BA /* StoreKit.framework in Frameworks */,
				D2C538C31786905A00F2C8BA /* Security.framework in Frameworks */,
				D2C538C11786905300F2C8BA /* QuartzCore.framework in Frameworks */,
				D2C538BF1786904E00F2C8BA /* MobileCoreServices.framework in Frameworks */,
				D2C538BD1786904800F2C8BA /* libz.1.1.3.dylib in Frameworks */,
				D2C538BB1786904000F2C8BA /* libsqlite3.dylib in Frameworks */,
				D2C538B91786903300F2C8BA /* CoreLocation.framework in Frameworks */,
				D2C538B71786901600F2C8BA /* CFNetwork.framework in Frameworks */,
				D2C538B51786901000F2C8BA /* AudioToolbox.framework in Frameworks */,
				D2C538B31786900900F2C8BA /* Accounts.framework in Frameworks */,
				D2C538B117868FFE00F2C8BA /* Social.framework in Frameworks */,
				D2C538AF17868FF700F2C8BA /* AdSupport.framework in Frameworks */,
				D2C5387717868D4F00F2C8BA /* CoreGraphics.framework in Frameworks */,
				D2C5387917868D4F00F2C8BA /* UIKit.framework in Frameworks */,
				D2C538AD17868D8300F2C8BA /* Parse.framework in Frameworks */,
				D2C5387517868D4F00F2C8BA /* Foundation.framework in Frameworks */,
			);
			runOnlyForDeploymentPostprocessing = 0;
		};
		D2C5389217868D4F00F2C8BA /* Frameworks */ = {
			isa = PBXFrameworksBuildPhase;
			buildActionMask = 2147483647;
			files = (
				D2C5389717868D4F00F2C8BA /* XCTest.framework in Frameworks */,
				D2C5389917868D4F00F2C8BA /* UIKit.framework in Frameworks */,
				D2C5389817868D4F00F2C8BA /* Foundation.framework in Frameworks */,
			);
			runOnlyForDeploymentPostprocessing = 0;
		};
/* End PBXFrameworksBuildPhase section */

/* Begin PBXGroup section */
		D2C5386817868D4F00F2C8BA = {
			isa = PBXGroup;
			children = (
				D2C5387A17868D4F00F2C8BA /* Swap */,
				D2C5389C17868D4F00F2C8BA /* SwapTests */,
				D2C5387317868D4F00F2C8BA /* Frameworks */,
				D2C5387217868D4F00F2C8BA /* Products */,
			);
			sourceTree = "<group>";
		};
		D2C5387217868D4F00F2C8BA /* Products */ = {
			isa = PBXGroup;
			children = (
				D2C5387117868D4F00F2C8BA /* Swap.app */,
				D2C5389517868D4F00F2C8BA /* SwapTests.xctest */,
			);
			name = Products;
			sourceTree = "<group>";
		};
		D2C5387317868D4F00F2C8BA /* Frameworks */ = {
			isa = PBXGroup;
			children = (
				D2C538C61786906C00F2C8BA /* SystemConfiguration.framework */,
				D2C538C41786906000F2C8BA /* StoreKit.framework */,
				D2C538C21786905A00F2C8BA /* Security.framework */,
				D2C538C01786905300F2C8BA /* QuartzCore.framework */,
				D2C538BE1786904E00F2C8BA /* MobileCoreServices.framework */,
				D2C538BC1786904800F2C8BA /* libz.1.1.3.dylib */,
				D2C538BA1786904000F2C8BA /* libsqlite3.dylib */,
				D2C538B81786903300F2C8BA /* CoreLocation.framework */,
				D2C538B61786901600F2C8BA /* CFNetwork.framework */,
				D2C538B41786901000F2C8BA /* AudioToolbox.framework */,
				D2C538B21786900900F2C8BA /* Accounts.framework */,
				D2C538B017868FFE00F2C8BA /* Social.framework */,
				D2C538AE17868FF700F2C8BA /* AdSupport.framework */,
				D2C538AC17868D8300F2C8BA /* Parse.framework */,
				D2C5387417868D4F00F2C8BA /* Foundation.framework */,
				D2C5387617868D4F00F2C8BA /* CoreGraphics.framework */,
				D2C5387817868D4F00F2C8BA /* UIKit.framework */,
				D2C5389617868D4F00F2C8BA /* XCTest.framework */,
			);
			name = Frameworks;
			sourceTree = "<group>";
		};
		D2C5387A17868D4F00F2C8BA /* Swap */ = {
			isa = PBXGroup;
			children = (
				D2C5388317868D4F00F2C8BA /* SWPAppDelegate.h */,
				D2C5388417868D4F00F2C8BA /* SWPAppDelegate.m */,
				D2C5388617868D4F00F2C8BA /* Main_iPhone.storyboard */,
				D29CB9981787E74C00C658A9 /* SWPMainViewController.h */,
				D29CB9991787E74C00C658A9 /* SWPMainViewController.m */,
				D2C538C8178692BA00F2C8BA /* SWPLoginViewController.h */,
				D2C538C9178692BA00F2C8BA /* SWPLoginViewController.m */,
				D2C5388F17868D4F00F2C8BA /* Images.xcassets */,
				D2C5387B17868D4F00F2C8BA /* Supporting Files */,
			);
			path = Swap;
			sourceTree = "<group>";
		};
		D2C5387B17868D4F00F2C8BA /* Supporting Files */ = {
			isa = PBXGroup;
			children = (
				D2C5388917868D4F00F2C8BA /* Main_iPad.storyboard */,
				D2C5387C17868D4F00F2C8BA /* Swap-Info.plist */,
				D2C5387D17868D4F00F2C8BA /* InfoPlist.strings */,
				D2C5388017868D4F00F2C8BA /* main.m */,
				D2C5388217868D4F00F2C8BA /* Swap-Prefix.pch */,
			);
			name = "Supporting Files";
			sourceTree = "<group>";
		};
		D2C5389C17868D4F00F2C8BA /* SwapTests */ = {
			isa = PBXGroup;
			children = (
				D2C538A217868D4F00F2C8BA /* SwapTests.m */,
				D2C5389D17868D4F00F2C8BA /* Supporting Files */,
			);
			path = SwapTests;
			sourceTree = "<group>";
		};
		D2C5389D17868D4F00F2C8BA /* Supporting Files */ = {
			isa = PBXGroup;
			children = (
				D2C5389E17868D4F00F2C8BA /* SwapTests-Info.plist */,
				D2C5389F17868D4F00F2C8BA /* InfoPlist.strings */,
			);
			name = "Supporting Files";
			sourceTree = "<group>";
		};
/* End PBXGroup section */

/* Begin PBXNativeTarget section */
		D2C5387017868D4F00F2C8BA /* Swap */ = {
			isa = PBXNativeTarget;
			buildConfigurationList = D2C538A617868D4F00F2C8BA /* Build configuration list for PBXNativeTarget "Swap" */;
			buildPhases = (
				D2C5386D17868D4F00F2C8BA /* Sources */,
				D2C5386E17868D4F00F2C8BA /* Frameworks */,
				D2C5386F17868D4F00F2C8BA /* Resources */,
			);
			buildRules = (
			);
			dependencies = (
			);
			name = Swap;
			productName = Swap;
			productReference = D2C5387117868D4F00F2C8BA /* Swap.app */;
			productType = "com.apple.product-type.application";
		};
		D2C5389417868D4F00F2C8BA /* SwapTests */ = {
			isa = PBXNativeTarget;
			buildConfigurationList = D2C538A917868D4F00F2C8BA /* Build configuration list for PBXNativeTarget "SwapTests" */;
			buildPhases = (
				D2C5389117868D4F00F2C8BA /* Sources */,
				D2C5389217868D4F00F2C8BA /* Frameworks */,
				D2C5389317868D4F00F2C8BA /* Resources */,
			);
			buildRules = (
			);
			dependencies = (
				D2C5389B17868D4F00F2C8BA /* PBXTargetDependency */,
			);
			name = SwapTests;
			productName = SwapTests;
			productReference = D2C5389517868D4F00F2C8BA /* SwapTests.xctest */;
			productType = "com.apple.product-type.bundle.unit-test";
		};
/* End PBXNativeTarget section */

/* Begin PBXProject section */
		D2C5386917868D4F00F2C8BA /* Project object */ = {
			isa = PBXProject;
			attributes = {
				CLASSPREFIX = SWP;
				LastUpgradeCheck = 0500;
				ORGANIZATIONNAME = "Scott Chiang";
				TargetAttributes = {
					D2C5389417868D4F00F2C8BA = {
						TestTargetID = D2C5387017868D4F00F2C8BA;
					};
				};
			};
			buildConfigurationList = D2C5386C17868D4F00F2C8BA /* Build configuration list for PBXProject "Swap" */;
			compatibilityVersion = "Xcode 3.2";
			developmentRegion = English;
			hasScannedForEncodings = 0;
			knownRegions = (
				en,
				Base,
			);
			mainGroup = D2C5386817868D4F00F2C8BA;
			productRefGroup = D2C5387217868D4F00F2C8BA /* Products */;
			projectDirPath = "";
			projectRoot = "";
			targets = (
				D2C5387017868D4F00F2C8BA /* Swap */,
				D2C5389417868D4F00F2C8BA /* SwapTests */,
			);
		};
/* End PBXProject section */

/* Begin PBXResourcesBuildPhase section */
		D2C5386F17868D4F00F2C8BA /* Resources */ = {
			isa = PBXResourcesBuildPhase;
			buildActionMask = 2147483647;
			files = (
				D2C5388B17868D4F00F2C8BA /* Main_iPad.storyboard in Resources */,
				D2C5389017868D4F00F2C8BA /* Images.xcassets in Resources */,
				D2C5388817868D4F00F2C8BA /* Main_iPhone.storyboard in Resources */,
				D2C5387F17868D4F00F2C8BA /* InfoPlist.strings in Resources */,
			);
			runOnlyForDeploymentPostprocessing = 0;
		};
		D2C5389317868D4F00F2C8BA /* Resources */ = {
			isa = PBXResourcesBuildPhase;
			buildActionMask = 2147483647;
			files = (
				D2C538A117868D4F00F2C8BA /* InfoPlist.strings in Resources */,
			);
			runOnlyForDeploymentPostprocessing = 0;
		};
/* End PBXResourcesBuildPhase section */

/* Begin PBXSourcesBuildPhase section */
		D2C5386D17868D4F00F2C8BA /* Sources */ = {
			isa = PBXSourcesBuildPhase;
			buildActionMask = 2147483647;
			files = (
				D29CB99A1787E74C00C658A9 /* SWPMainViewController.m in Sources */,
				D2C538CA178692BA00F2C8BA /* SWPLoginViewController.m in Sources */,
				D2C5388117868D4F00F2C8BA /* main.m in Sources */,
				D2C5388517868D4F00F2C8BA /* SWPAppDelegate.m in Sources */,
			);
			runOnlyForDeploymentPostprocessing = 0;
		};
		D2C5389117868D4F00F2C8BA /* Sources */ = {
			isa = PBXSourcesBuildPhase;
			buildActionMask = 2147483647;
			files = (
				D2C538A317868D4F00F2C8BA /* SwapTests.m in Sources */,
			);
			runOnlyForDeploymentPostprocessing = 0;
		};
/* End PBXSourcesBuildPhase section */

/* Begin PBXTargetDependency section */
		D2C5389B17868D4F00F2C8BA /* PBXTargetDependency */ = {
			isa = PBXTargetDependency;
			target = D2C5387017868D4F00F2C8BA /* Swap */;
			targetProxy = D2C5389A17868D4F00F2C8BA /* PBXContainerItemProxy */;
		};
/* End PBXTargetDependency section */

/* Begin PBXVariantGroup section */
		D2C5387D17868D4F00F2C8BA /* InfoPlist.strings */ = {
			isa = PBXVariantGroup;
			children = (
				D2C5387E17868D4F00F2C8BA /* en */,
			);
			name = InfoPlist.strings;
			sourceTree = "<group>";
		};
		D2C5388617868D4F00F2C8BA /* Main_iPhone.storyboard */ = {
			isa = PBXVariantGroup;
			children = (
				D2C5388717868D4F00F2C8BA /* Base */,
			);
			name = Main_iPhone.storyboard;
			sourceTree = "<group>";
		};
		D2C5388917868D4F00F2C8BA /* Main_iPad.storyboard */ = {
			isa = PBXVariantGroup;
			children = (
				D2C5388A17868D4F00F2C8BA /* Base */,
			);
			name = Main_iPad.storyboard;
			sourceTree = "<group>";
		};
		D2C5389F17868D4F00F2C8BA /* InfoPlist.strings */ = {
			isa = PBXVariantGroup;
			children = (
				D2C538A017868D4F00F2C8BA /* en */,
			);
			name = InfoPlist.strings;
			sourceTree = "<group>";
		};
/* End PBXVariantGroup section */

/* Begin XCBuildConfiguration section */
		D2C538A417868D4F00F2C8BA /* Debug */ = {
			isa = XCBuildConfiguration;
			buildSettings = {
				ALWAYS_SEARCH_USER_PATHS = NO;
				CLANG_CXX_LANGUAGE_STANDARD = "gnu++0x";
				CLANG_CXX_LIBRARY = "libc++";
				CLANG_ENABLE_MODULES = YES;
				CLANG_ENABLE_OBJC_ARC = YES;
				CLANG_WARN_BOOL_CONVERSION = YES;
				CLANG_WARN_CONSTANT_CONVERSION = YES;
				CLANG_WARN_DIRECT_OBJC_ISA_USAGE = YES_ERROR;
				CLANG_WARN_EMPTY_BODY = YES;
				CLANG_WARN_ENUM_CONVERSION = YES;
				CLANG_WARN_INT_CONVERSION = YES;
				CLANG_WARN_OBJC_ROOT_CLASS = YES_ERROR;
				CLANG_WARN__DUPLICATE_METHOD_MATCH = YES;
				"CODE_SIGN_IDENTITY[sdk=iphoneos*]" = "iPhone Developer";
				COPY_PHASE_STRIP = NO;
				GCC_C_LANGUAGE_STANDARD = gnu99;
				GCC_DYNAMIC_NO_PIC = NO;
				GCC_OPTIMIZATION_LEVEL = 0;
				GCC_PREPROCESSOR_DEFINITIONS = (
					"DEBUG=1",
					"$(inherited)",
				);
				GCC_SYMBOLS_PRIVATE_EXTERN = NO;
				GCC_WARN_ABOUT_RETURN_TYPE = YES_ERROR;
				GCC_WARN_UNDECLARED_SELECTOR = YES;
				GCC_WARN_UNINITIALIZED_AUTOS = YES;
				GCC_WARN_UNUSED_FUNCTION = YES;
				GCC_WARN_UNUSED_VARIABLE = YES;
				IPHONEOS_DEPLOYMENT_TARGET = 7.0;
				ONLY_ACTIVE_ARCH = YES;
				SDKROOT = iphoneos;
				TARGETED_DEVICE_FAMILY = "1,2";
			};
			name = Debug;
		};
		D2C538A517868D4F00F2C8BA /* Release */ = {
			isa = XCBuildConfiguration;
			buildSettings = {
				ALWAYS_SEARCH_USER_PATHS = NO;
				CLANG_CXX_LANGUAGE_STANDARD = "gnu++0x";
				CLANG_CXX_LIBRARY = "libc++";
				CLANG_ENABLE_MODULES = YES;
				CLANG_ENABLE_OBJC_ARC = YES;
				CLANG_WARN_BOOL_CONVERSION = YES;
				CLANG_WARN_CONSTANT_CONVERSION = YES;
				CLANG_WARN_DIRECT_OBJC_ISA_USAGE = YES_ERROR;
				CLANG_WARN_EMPTY_BODY = YES;
				CLANG_WARN_ENUM_CONVERSION = YES;
				CLANG_WARN_INT_CONVERSION = YES;
				CLANG_WARN_OBJC_ROOT_CLASS = YES_ERROR;
				CLANG_WARN__DUPLICATE_METHOD_MATCH = YES;
				"CODE_SIGN_IDENTITY[sdk=iphoneos*]" = "iPhone Developer";
				COPY_PHASE_STRIP = YES;
				ENABLE_NS_ASSERTIONS = NO;
				GCC_C_LANGUAGE_STANDARD = gnu99;
				GCC_WARN_ABOUT_RETURN_TYPE = YES_ERROR;
				GCC_WARN_UNDECLARED_SELECTOR = YES;
				GCC_WARN_UNINITIALIZED_AUTOS = YES;
				GCC_WARN_UNUSED_FUNCTION = YES;
				GCC_WARN_UNUSED_VARIABLE = YES;
				IPHONEOS_DEPLOYMENT_TARGET = 7.0;
				SDKROOT = iphoneos;
				TARGETED_DEVICE_FAMILY = "1,2";
				VALIDATE_PRODUCT = YES;
			};
			name = Release;
		};
		D2C538A717868D4F00F2C8BA /* Debug */ = {
			isa = XCBuildConfiguration;
			buildSettings = {
				ASSETCATALOG_COMPILER_APPICON_NAME = AppIcon;
				ASSETCATALOG_COMPILER_LAUNCHIMAGE_NAME = LaunchImage;
				FRAMEWORK_SEARCH_PATHS = (
					"$(inherited)",
					"$(SRCROOT)",
				);
				GCC_PRECOMPILE_PREFIX_HEADER = YES;
				GCC_PREFIX_HEADER = "Swap/Swap-Prefix.pch";
				INFOPLIST_FILE = "Swap/Swap-Info.plist";
				PRODUCT_NAME = "$(TARGET_NAME)";
				TARGETED_DEVICE_FAMILY = 1;
				WRAPPER_EXTENSION = app;
			};
			name = Debug;
		};
		D2C538A817868D4F00F2C8BA /* Release */ = {
			isa = XCBuildConfiguration;
			buildSettings = {
				ASSETCATALOG_COMPILER_APPICON_NAME = AppIcon;
				ASSETCATALOG_COMPILER_LAUNCHIMAGE_NAME = LaunchImage;
				FRAMEWORK_SEARCH_PATHS = (
					"$(inherited)",
					"$(SRCROOT)",
				);
				GCC_PRECOMPILE_PREFIX_HEADER = YES;
				GCC_PREFIX_HEADER = "Swap/Swap-Prefix.pch";
				INFOPLIST_FILE = "Swap/Swap-Info.plist";
				PRODUCT_NAME = "$(TARGET_NAME)";
				TARGETED_DEVICE_FAMILY = 1;
				WRAPPER_EXTENSION = app;
			};
			name = Release;
		};
		D2C538AA17868D4F00F2C8BA /* Debug */ = {
			isa = XCBuildConfiguration;
			buildSettings = {
				BUNDLE_LOADER = "$(BUILT_PRODUCTS_DIR)/Swap.app/Swap";
				FRAMEWORK_SEARCH_PATHS = (
					"$(SDKROOT)/Developer/Library/Frameworks",
					"$(inherited)",
					"$(SYSTEM_APPS_DIR)/Xcode5-DP2.app/Contents/Developer/Library/Frameworks",
				);
				GCC_PRECOMPILE_PREFIX_HEADER = YES;
				GCC_PREFIX_HEADER = "Swap/Swap-Prefix.pch";
				GCC_PREPROCESSOR_DEFINITIONS = (
					"DEBUG=1",
					"$(inherited)",
				);
				INFOPLIST_FILE = "SwapTests/SwapTests-Info.plist";
				PRODUCT_NAME = "$(TARGET_NAME)";
				TEST_HOST = "$(BUNDLE_LOADER)";
				WRAPPER_EXTENSION = xctest;
			};
			name = Debug;
		};
		D2C538AB17868D4F00F2C8BA /* Release */ = {
			isa = XCBuildConfiguration;
			buildSettings = {
				BUNDLE_LOADER = "$(BUILT_PRODUCTS_DIR)/Swap.app/Swap";
				FRAMEWORK_SEARCH_PATHS = (
					"$(SDKROOT)/Developer/Library/Frameworks",
					"$(inherited)",
					"$(SYSTEM_APPS_DIR)/Xcode5-DP2.app/Contents/Developer/Library/Frameworks",
				);
				GCC_PRECOMPILE_PREFIX_HEADER = YES;
				GCC_PREFIX_HEADER = "Swap/Swap-Prefix.pch";
				INFOPLIST_FILE = "SwapTests/SwapTests-Info.plist";
				PRODUCT_NAME = "$(TARGET_NAME)";
				TEST_HOST = "$(BUNDLE_LOADER)";
				WRAPPER_EXTENSION = xctest;
			};
			name = Release;
		};
/* End XCBuildConfiguration section */

/* Begin XCConfigurationList section */
		D2C5386C17868D4F00F2C8BA /* Build configuration list for PBXProject "Swap" */ = {
			isa = XCConfigurationList;
			buildConfigurations = (
				D2C538A417868D4F00F2C8BA /* Debug */,
				D2C538A517868D4F00F2C8BA /* Release */,
			);
			defaultConfigurationIsVisible = 0;
			defaultConfigurationName = Release;
		};
		D2C538A617868D4F00F2C8BA /* Build configuration list for PBXNativeTarget "Swap" */ = {
			isa = XCConfigurationList;
			buildConfigurations = (
				D2C538A717868D4F00F2C8BA /* Debug */,
				D2C538A817868D4F00F2C8BA /* Release */,
			);
			defaultConfigurationIsVisible = 0;
			defaultConfigurationName = Release;
		};
		D2C538A917868D4F00F2C8BA /* Build configuration list for PBXNativeTarget "SwapTests" */ = {
			isa = XCConfigurationList;
			buildConfigurations = (
				D2C538AA17868D4F00F2C8BA /* Debug */,
				D2C538AB17868D4F00F2C8BA /* Release */,
			);
			defaultConfigurationIsVisible = 0;
			defaultConfigurationName = Release;
		};
/* End XCConfigurationList section */
	};
	rootObject = D2C5386917868D4F00F2C8BA /* Project object */;
}
